
Microsoft Visual Studio Solution File, Format Version 12.00
# Visual Studio 14
VisualStudioVersion = 14.0.25420.1
MinimumVisualStudioVersion = 10.0.40219.1
Project("{FAE04EC0-301F-11D3-BF4B-00C04F79EFBC}") = "WpfApplication1", "WpfApplication1\WpfApplication1.csproj", "{DB12D6D9-C39D-4760-9C3C-9ED2EB8D8745}"
EndProject
Project("{FAE04EC0-301F-11D3-BF4B-00C04F79EFBC}") = "Model", "Model\Model.csproj", "{6C20D115-E30F-424D-AE1B-FAE2001F44CA}"
EndProject
Project("{FAE04EC0-301F-11D3-BF4B-00C04F79EFBC}") = "ViewModel", "ViewModel\ViewModel.csproj", "{B3ED50ED-C3BD-4316-A9FC-5A417237ABCA}"
EndProject
Global
	GlobalSection(SolutionConfigurationPlatforms) = preSolution
		Debug|Any CPU = Debug|Any CPU
		Release|Any CPU = Release|Any CPU
	EndGlobalSection
	GlobalSection(ProjectConfigurationPlatforms) = postSolution
		{DB12D6D9-C39D-4760-9C3C-9ED2EB8D8745}.Debug|Any CPU.ActiveCfg = Debug|Any CPU
		{DB12D6D9-C39D-4760-9C3C-9ED2EB8D8745}.Debug|Any CPU.Build.0 = Debug|Any CPU
		{DB12D6D9-C39D-4760-9C3C-9ED2EB8D8745}.Release|Any CPU.ActiveCfg = Release|Any CPU
		{DB12D6D9-C39D-4760-9C3C-9ED2EB8D8745}.Release|Any CPU.Build.0 = Release|Any CPU
		{6C20D115-E30F-424D-AE1B-FAE2001F44CA}.Debug|Any CPU.ActiveCfg = Debug|Any CPU
		{6C20D115-E30F-424D-AE1B-FAE2001F44CA}.Debug|Any CPU.Build.0 = Debug|Any CPU
		{6C20D115-E30F-424D-AE1B-FAE2001F44CA}.Release|Any CPU.ActiveCfg = Release|Any CPU
		{6C20D115-E30F-424D-AE1B-FAE2001F44CA}.Release|Any CPU.Build.0 = Release|Any CPU
		{B3ED50ED-C3BD-4316-A9FC-5A417237ABCA}.Debug|Any CPU.ActiveCfg = Debug|Any CPU
		{B3ED50ED-C3BD-4316-A9FC-5A417237ABCA}.Debug|Any CPU.Build.0 = Debug|Any CPU
		{B3ED50ED-C3BD-4316-A9FC-5A417237ABCA}.Release|Any CPU.ActiveCfg = Release|Any CPU
		{B3ED50ED-C3BD-4316-A9FC-5A417237ABCA}.Release|Any CPU.Build.0 = Release|Any CPU
	EndGlobalSection
	GlobalSection(SolutionProperties) = preSolution
		HideSolutionNode = FALSE
	EndGlobalSection
EndGlobal
